
Microsoft Visual Studio Solution File, Format Version 11.00
# Visual Studio 2010
Project("{FAE04EC0-301F-11D3-BF4B-00C04F79EFBC}") = "Assembly-CSharp", "Assembly-CSharp.csproj", "{bc5b67c6-62b3-514e-060e-a7a5c20e30c7}"
EndProject
Project("{FAE04EC0-301F-11D3-BF4B-00C04F79EFBC}") = "Assembly-CSharp-firstpass", "Assembly-CSharp-firstpass.csproj", "{4788dd4a-d261-31e7-2ec9-d250b73cb75b}"
EndProject
Project("{FAE04EC0-301F-11D3-BF4B-00C04F79EFBC}") = "SuperTiled2Unity", "SuperTiled2Unity.csproj", "{3b73ae75-4d3c-256e-efa6-36405df09259}"
EndProject
Project("{FAE04EC0-301F-11D3-BF4B-00C04F79EFBC}") = "SuperTiled2UnityEditor", "SuperTiled2UnityEditor.csproj", "{b165919f-7141-cfb2-83a0-d82fb014f73d}"
EndProject
Project("{FAE04EC0-301F-11D3-BF4B-00C04F79EFBC}") = "Assembly-CSharp-Editor", "Assembly-CSharp-Editor.csproj", "{c81d2b7c-6f3a-db2e-b0e0-7665afdac3d2}"
EndProject
Project("{FAE04EC0-301F-11D3-BF4B-00C04F79EFBC}") = "Assembly-CSharp-Editor-firstpass", "Assembly-CSharp-Editor-firstpass.csproj", "{eb197382-82af-05af-1969-588161063787}"
EndProject
Global
	GlobalSection(SolutionConfigurationPlatforms) = preSolution
		Debug|Any CPU = Debug|Any CPU
		Release|Any CPU = Release|Any CPU
	EndGlobalSection
	GlobalSection(ProjectConfigurationPlatforms) = postSolution
		{bc5b67c6-62b3-514e-060e-a7a5c20e30c7}.Debug|Any CPU.ActiveCfg = Debug|Any CPU
		{bc5b67c6-62b3-514e-060e-a7a5c20e30c7}.Debug|Any CPU.Build.0 = Debug|Any CPU
		{bc5b67c6-62b3-514e-060e-a7a5c20e30c7}.Release|Any CPU.ActiveCfg = Release|Any CPU
		{bc5b67c6-62b3-514e-060e-a7a5c20e30c7}.Release|Any CPU.Build.0 = Release|Any CPU
		{4788dd4a-d261-31e7-2ec9-d250b73cb75b}.Debug|Any CPU.ActiveCfg = Debug|Any CPU
		{4788dd4a-d261-31e7-2ec9-d250b73cb75b}.Debug|Any CPU.Build.0 = Debug|Any CPU
		{4788dd4a-d261-31e7-2ec9-d250b73cb75b}.Release|Any CPU.ActiveCfg = Release|Any CPU
		{4788dd4a-d261-31e7-2ec9-d250b73cb75b}.Release|Any CPU.Build.0 = Release|Any CPU
		{3b73ae75-4d3c-256e-efa6-36405df09259}.Debug|Any CPU.ActiveCfg = Debug|Any CPU
		{3b73ae75-4d3c-256e-efa6-36405df09259}.Debug|Any CPU.Build.0 = Debug|Any CPU
		{3b73ae75-4d3c-256e-efa6-36405df09259}.Release|Any CPU.ActiveCfg = Release|Any CPU
		{3b73ae75-4d3c-256e-efa6-36405df09259}.Release|Any CPU.Build.0 = Release|Any CPU
		{b165919f-7141-cfb2-83a0-d82fb014f73d}.Debug|Any CPU.ActiveCfg = Debug|Any CPU
		{b165919f-7141-cfb2-83a0-d82fb014f73d}.Debug|Any CPU.Build.0 = Debug|Any CPU
		{b165919f-7141-cfb2-83a0-d82fb014f73d}.Release|Any CPU.ActiveCfg = Release|Any CPU
		{b165919f-7141-cfb2-83a0-d82fb014f73d}.Release|Any CPU.Build.0 = Release|Any CPU
		{c81d2b7c-6f3a-db2e-b0e0-7665afdac3d2}.Debug|Any CPU.ActiveCfg = Debug|Any CPU
		{c81d2b7c-6f3a-db2e-b0e0-7665afdac3d2}.Debug|Any CPU.Build.0 = Debug|Any CPU
		{c81d2b7c-6f3a-db2e-b0e0-7665afdac3d2}.Release|Any CPU.ActiveCfg = Release|Any CPU
		{c81d2b7c-6f3a-db2e-b0e0-7665afdac3d2}.Release|Any CPU.Build.0 = Release|Any CPU
		{eb197382-82af-05af-1969-588161063787}.Debug|Any CPU.ActiveCfg = Debug|Any CPU
		{eb197382-82af-05af-1969-588161063787}.Debug|Any CPU.Build.0 = Debug|Any CPU
		{eb197382-82af-05af-1969-588161063787}.Release|Any CPU.ActiveCfg = Release|Any CPU
		{eb197382-82af-05af-1969-588161063787}.Release|Any CPU.Build.0 = Release|Any CPU
	EndGlobalSection
	GlobalSection(SolutionProperties) = preSolution
		HideSolutionNode = FALSE
	EndGlobalSection
EndGlobal
